hash: 75bdf311a08de67538ba28da9c7fa7c5c9a7a9fdbe46ecac765c4a5943ec3f44
updated: 2016-06-16T14:47:38.02671448-04:00
imports:
- name: github.com/codegangsta/cli
  version: 06a850dff5bf1a4104835699e31067cc8103fcf7
- name: github.com/docker/distribution
  version: edd7cb5249d0a45262b20bb58b838ecf4fb368bd
  subpackages:
  - reference
  - digest
- name: github.com/docker/engine-api
  version: d4b1f372e3bfb0be0a7bf571ba290ef857affa8b
  subpackages:
  - client
  - types
  - types/events
  - types/filters
  - types/network
  - client/transport
  - client/transport/cancellable
  - types/container
  - types/reference
  - types/registry
  - types/swarm
  - types/time
  - types/versions
  - types/blkiodev
  - types/strslice
- name: github.com/docker/go-connections
  version: 990a1a1a70b0da4c4cb70e117971a4f0babfbf1a
  subpackages:
  - sockets
  - tlsconfig
  - nat
- name: github.com/docker/go-units
  version: f2d77a61e3c169b43402a0a1e84f06daf29b8190
- name: github.com/llimllib/ipaddress
  version: 2154bde6c1739cd49c475abbcc82e3f4ff257e5e
- name: github.com/Microsoft/go-winio
  version: 4f1a71750d95a5a8a46c40a67ffbed8129c2f138
- name: github.com/opencontainers/runc
  version: 5dc3f3576efb5262bf582217e93f86c93944374d
  subpackages:
  - libcontainer/user
- name: github.com/Sirupsen/logrus
  version: f3cfb454f4c209e6668c95216c4744b8fddb2356
- name: github.com/vdemeester/docker-events
  version: 20e6d2db238723e68197a9e3c6c34c99a9893a9c
- name: github.com/vishvananda/netlink
  version: 293adec04146bfb07bf34f75921ebc9c1ee2cd74
  subpackages:
  - nl
- name: github.com/vishvananda/netns
  version: 8ba1072b58e0c2a240eb5f6120165c7776c3e7b8
- name: github.com/ziutek/utils
  version: d8fe304b0db2bae8e6709e46d19b355926c9f7fc
  subpackages:
  - netaddr
- name: golang.org/x/net
  version: 4876518f9e71663000c348837735820161a42df7
  subpackages:
  - context
  - proxy
- name: golang.org/x/sys
  version: 62bee037599929a6e9146f29d10dd5208c43507d
  subpackages:
  - unix
  - windows
devImports: []
