hash: 2974d2400bb7239cf53b9f4dff9f56d6fb9a87875edf537bdf12af8e7f392a4b
updated: 2016-06-26T13:17:39.517609327-04:00
imports:
- name: github.com/codegangsta/cli
  version: 4205e9c4ee9672a8df5bb4fe486a8aa07e1e4037
- name: github.com/docker/distribution
  version: ffbe9b7c635082432c4adb0395b7426ed5081cff
  subpackages:
  - reference
  - digest
- name: github.com/docker/engine-api
  version: f90ecdb1e989f834dabbd91807e891094aa069fe
  subpackages:
  - client
  - types
  - types/events
  - types/filters
  - types/network
  - client/transport
  - client/transport/cancellable
  - types/container
  - types/reference
  - types/registry
  - types/swarm
  - types/time
  - types/versions
  - types/blkiodev
  - types/strslice
- name: github.com/docker/go-connections
  version: 990a1a1a70b0da4c4cb70e117971a4f0babfbf1a
  subpackages:
  - sockets
  - tlsconfig
  - nat
- name: github.com/docker/go-units
  version: f2d77a61e3c169b43402a0a1e84f06daf29b8190
- name: github.com/llimllib/ipaddress
  version: 2154bde6c1739cd49c475abbcc82e3f4ff257e5e
- name: github.com/Microsoft/go-winio
  version: ce2922f643c8fd76b46cadc7f404a06282678b34
- name: github.com/opencontainers/runc
  version: 9b3a2f16345aa015ca286835f6f5eb67ea60aa4b
  subpackages:
  - libcontainer/user
- name: github.com/Sirupsen/logrus
  version: f3cfb454f4c209e6668c95216c4744b8fddb2356
- name: github.com/stretchr/testify
  version: d77da356e56a7428ad25149ca77381849a6a5232
  subpackages:
  - assert
  - require
- name: github.com/TrilliumIT/iputil
  version: bfe8f86b05dc24446e8577128bdc3e5c2bb5d5c8
- name: github.com/vdemeester/docker-events
  version: be74d4929ec1ad118df54349fda4b0cba60f849b
- name: github.com/vishvananda/netlink
  version: 734d02c3e202f682c74b71314b2c61eec0170fd4
  subpackages:
  - nl
- name: github.com/vishvananda/netns
  version: 8ba1072b58e0c2a240eb5f6120165c7776c3e7b8
  subpackages:
  - netaddr
- name: golang.org/x/net
  version: 4876518f9e71663000c348837735820161a42df7
  subpackages:
  - context
  - proxy
- name: golang.org/x/sys
  version: 62bee037599929a6e9146f29d10dd5208c43507d
  subpackages:
  - unix
  - windows
devImports: []
